// !$*UTF8*$!
{
	archiveVersion = 1;
	classes = {
	};
	objectVersion = 46;
	objects = {

/* Begin PBXBuildFile section */
		4C4DC1E51D33E70600CAA378 /* AppDelegate.swift in Sources */ = {isa = PBXBuildFile; fileRef = 4C4DC1E41D33E70600CAA378 /* AppDelegate.swift */; };
		4C4DC1E71D33E70600CAA378 /* ViewController.swift in Sources */ = {isa = PBXBuildFile; fileRef = 4C4DC1E61D33E70600CAA378 /* ViewController.swift */; };
		4C4DC1EA1D33E70600CAA378 /* Main.storyboard in Resources */ = {isa = PBXBuildFile; fileRef = 4C4DC1E81D33E70600CAA378 /* Main.storyboard */; };
		4C4DC1EC1D33E70600CAA378 /* Assets.xcassets in Resources */ = {isa = PBXBuildFile; fileRef = 4C4DC1EB1D33E70600CAA378 /* Assets.xcassets */; };
		4C4DC1EF1D33E70600CAA378 /* LaunchScreen.storyboard in Resources */ = {isa = PBXBuildFile; fileRef = 4C4DC1ED1D33E70600CAA378 /* LaunchScreen.storyboard */; };
		4C4DC1FA1D33E70700CAA378 /* PPSTests.swift in Sources */ = {isa = PBXBuildFile; fileRef = 4C4DC1F91D33E70700CAA378 /* PPSTests.swift */; };
		4C4DC2051D33E70700CAA378 /* PPSUITests.swift in Sources */ = {isa = PBXBuildFile; fileRef = 4C4DC2041D33E70700CAA378 /* PPSUITests.swift */; };
/* End PBXBuildFile section */

/* Begin PBXContainerItemProxy section */
		4C4DC1F61D33E70700CAA378 /* PBXContainerItemProxy */ = {
			isa = PBXContainerItemProxy;
			containerPortal = 4C4DC1D91D33E70600CAA378 /* Project object */;
			proxyType = 1;
			remoteGlobalIDString = 4C4DC1E01D33E70600CAA378;
			remoteInfo = PPS;
		};
		4C4DC2011D33E70700CAA378 /* PBXContainerItemProxy */ = {
			isa = PBXContainerItemProxy;
			containerPortal = 4C4DC1D91D33E70600CAA378 /* Project object */;
			proxyType = 1;
			remoteGlobalIDString = 4C4DC1E01D33E70600CAA378;
			remoteInfo = PPS;
		};
/* End PBXContainerItemProxy section */

/* Begin PBXFileReference section */
		4C4DC1E11D33E70600CAA378 /* PPS.app */ = {isa = PBXFileReference; explicitFileType = wrapper.application; includeInIndex = 0; path = PPS.app; sourceTree = BUILT_PRODUCTS_DIR; };
		4C4DC1E41D33E70600CAA378 /* AppDelegate.swift */ = {isa = PBXFileReference; lastKnownFileType = sourcecode.swift; path = AppDelegate.swift; sourceTree = "<group>"; };
		4C4DC1E61D33E70600CAA378 /* ViewController.swift */ = {isa = PBXFileReference; lastKnownFileType = sourcecode.swift; path = ViewController.swift; sourceTree = "<group>"; };
		4C4DC1E91D33E70600CAA378 /* Base */ = {isa = PBXFileReference; lastKnownFileType = file.storyboard; name = Base; path = Base.lproj/Main.storyboard; sourceTree = "<group>"; };
		4C4DC1EB1D33E70600CAA378 /* Assets.xcassets */ = {isa = PBXFileReference; lastKnownFileType = folder.assetcatalog; path = Assets.xcassets; sourceTree = "<group>"; };
		4C4DC1EE1D33E70600CAA378 /* Base */ = {isa = PBXFileReference; lastKnownFileType = file.storyboard; name = Base; path = Base.lproj/LaunchScreen.storyboard; sourceTree = "<group>"; };
		4C4DC1F01D33E70600CAA378 /* Info.plist */ = {isa = PBXFileReference; lastKnownFileType = text.plist.xml; path = Info.plist; sourceTree = "<group>"; };
		4C4DC1F51D33E70700CAA378 /* PPSTests.xctest */ = {isa = PBXFileReference; explicitFileType = wrapper.cfbundle; includeInIndex = 0; path = PPSTests.xctest; sourceTree = BUILT_PRODUCTS_DIR; };
		4C4DC1F91D33E70700CAA378 /* PPSTests.swift */ = {isa = PBXFileReference; lastKnownFileType = sourcecode.swift; path = PPSTests.swift; sourceTree = "<group>"; };
		4C4DC1FB1D33E70700CAA378 /* Info.plist */ = {isa = PBXFileReference; lastKnownFileType = text.plist.xml; path = Info.plist; sourceTree = "<group>"; };
		4C4DC2001D33E70700CAA378 /* PPSUITests.xctest */ = {isa = PBXFileReference; explicitFileType = wrapper.cfbundle; includeInIndex = 0; path = PPSUITests.xctest; sourceTree = BUILT_PRODUCTS_DIR; };
		4C4DC2041D33E70700CAA378 /* PPSUITests.swift */ = {isa = PBXFileReference; lastKnownFileType = sourcecode.swift; path = PPSUITests.swift; sourceTree = "<group>"; };
		4C4DC2061D33E70700CAA378 /* Info.plist */ = {isa = PBXFileReference; lastKnownFileType = text.plist.xml; path = Info.plist; sourceTree = "<group>"; };
/* End PBXFileReference section */

/* Begin PBXFrameworksBuildPhase section */
		4C4DC1DE1D33E70600CAA378 /* Frameworks */ = {
			isa = PBXFrameworksBuildPhase;
			buildActionMask = 2147483647;
			files = (
			);
			runOnlyForDeploymentPostprocessing = 0;
		};
		4C4DC1F21D33E70700CAA378 /* Frameworks */ = {
			isa = PBXFrameworksBuildPhase;
			buildActionMask = 2147483647;
			files = (
			);
			runOnlyForDeploymentPostprocessing = 0;
		};
		4C4DC1FD1D33E70700CAA378 /* Frameworks */ = {
			isa = PBXFrameworksBuildPhase;
			buildActionMask = 2147483647;
			files = (
			);
			runOnlyForDeploymentPostprocessing = 0;
		};
/* End PBXFrameworksBuildPhase section */

/* Begin PBXGroup section */
		4C4DC1D81D33E70600CAA378 = {
			isa = PBXGroup;
			children = (
				4C4DC1E31D33E70600CAA378 /* PPS */,
				4C4DC1F81D33E70700CAA378 /* PPSTests */,
				4C4DC2031D33E70700CAA378 /* PPSUITests */,
				4C4DC1E21D33E70600CAA378 /* Products */,
			);
			sourceTree = "<group>";
		};
		4C4DC1E21D33E70600CAA378 /* Products */ = {
			isa = PBXGroup;
			children = (
				4C4DC1E11D33E70600CAA378 /* PPS.app */,
				4C4DC1F51D33E70700CAA378 /* PPSTests.xctest */,
				4C4DC2001D33E70700CAA378 /* PPSUITests.xctest */,
			);
			name = Products;
			sourceTree = "<group>";
		};
		4C4DC1E31D33E70600CAA378 /* PPS */ = {
			isa = PBXGroup;
			children = (
				4C4DC1E41D33E70600CAA378 /* AppDelegate.swift */,
				4C4DC1E61D33E70600CAA378 /* ViewController.swift */,
				4C4DC1E81D33E70600CAA378 /* Main.storyboard */,
				4C4DC1EB1D33E70600CAA378 /* Assets.xcassets */,
				4C4DC1ED1D33E70600CAA378 /* LaunchScreen.storyboard */,
				4C4DC1F01D33E70600CAA378 /* Info.plist */,
			);
			path = PPS;
			sourceTree = "<group>";
		};
		4C4DC1F81D33E70700CAA378 /* PPSTests */ = {
			isa = PBXGroup;
			children = (
				4C4DC1F91D33E70700CAA378 /* PPSTests.swift */,
				4C4DC1FB1D33E70700CAA378 /* Info.plist */,
			);
			path = PPSTests;
			sourceTree = "<group>";
		};
		4C4DC2031D33E70700CAA378 /* PPSUITests */ = {
			isa = PBXGroup;
			children = (
				4C4DC2041D33E70700CAA378 /* PPSUITests.swift */,
				4C4DC2061D33E70700CAA378 /* Info.plist */,
			);
			path = PPSUITests;
			sourceTree = "<group>";
		};
/* End PBXGroup section */

/* Begin PBXNativeTarget section */
		4C4DC1E01D33E70600CAA378 /* PPS */ = {
			isa = PBXNativeTarget;
			buildConfigurationList = 4C4DC2091D33E70700CAA378 /* Build configuration list for PBXNativeTarget "PPS" */;
			buildPhases = (
				4C4DC1DD1D33E70600CAA378 /* Sources */,
				4C4DC1DE1D33E70600CAA378 /* Frameworks */,
				4C4DC1DF1D33E70600CAA378 /* Resources */,
			);
			buildRules = (
			);
			dependencies = (
			);
			name = PPS;
			productName = PPS;
			productReference = 4C4DC1E11D33E70600CAA378 /* PPS.app */;
			productType = "com.apple.product-type.application";
		};
		4C4DC1F41D33E70700CAA378 /* PPSTests */ = {
			isa = PBXNativeTarget;
			buildConfigurationList = 4C4DC20C1D33E70700CAA378 /* Build configuration list for PBXNativeTarget "PPSTests" */;
			buildPhases = (
				4C4DC1F11D33E70700CAA378 /* Sources */,
				4C4DC1F21D33E70700CAA378 /* Frameworks */,
				4C4DC1F31D33E70700CAA378 /* Resources */,
			);
			buildRules = (
			);
			dependencies = (
				4C4DC1F71D33E70700CAA378 /* PBXTargetDependency */,
			);
			name = PPSTests;
			productName = PPSTests;
			productReference = 4C4DC1F51D33E70700CAA378 /* PPSTests.xctest */;
			productType = "com.apple.product-type.bundle.unit-test";
		};
		4C4DC1FF1D33E70700CAA378 /* PPSUITests */ = {
			isa = PBXNativeTarget;
			buildConfigurationList = 4C4DC20F1D33E70700CAA378 /* Build configuration list for PBXNativeTarget "PPSUITests" */;
			buildPhases = (
				4C4DC1FC1D33E70700CAA378 /* Sources */,
				4C4DC1FD1D33E70700CAA378 /* Frameworks */,
				4C4DC1FE1D33E70700CAA378 /* Resources */,
			);
			buildRules = (
			);
			dependencies = (
				4C4DC2021D33E70700CAA378 /* PBXTargetDependency */,
			);
			name = PPSUITests;
			productName = PPSUITests;
			productReference = 4C4DC2001D33E70700CAA378 /* PPSUITests.xctest */;
			productType = "com.apple.product-type.bundle.ui-testing";
		};
/* End PBXNativeTarget section */

/* Begin PBXProject section */
		4C4DC1D91D33E70600CAA378 /* Project object */ = {
			isa = PBXProject;
			attributes = {
				LastSwiftUpdateCheck = 0720;
				LastUpgradeCheck = 0720;
				ORGANIZATIONNAME = Vando;
				TargetAttributes = {
					4C4DC1E01D33E70600CAA378 = {
						CreatedOnToolsVersion = 7.2;
					};
					4C4DC1F41D33E70700CAA378 = {
						CreatedOnToolsVersion = 7.2;
						TestTargetID = 4C4DC1E01D33E70600CAA378;
					};
					4C4DC1FF1D33E70700CAA378 = {
						CreatedOnToolsVersion = 7.2;
						TestTargetID = 4C4DC1E01D33E70600CAA378;
					};
				};
			};
			buildConfigurationList = 4C4DC1DC1D33E70600CAA378 /* Build configuration list for PBXProject "PPS" */;
			compatibilityVersion = "Xcode 3.2";
			developmentRegion = English;
			hasScannedForEncodings = 0;
			knownRegions = (
				en,
				Base,
			);
			mainGroup = 4C4DC1D81D33E70600CAA378;
			productRefGroup = 4C4DC1E21D33E70600CAA378 /* Products */;
			projectDirPath = "";
			projectRoot = "";
			targets = (
				4C4DC1E01D33E70600CAA378 /* PPS */,
				4C4DC1F41D33E70700CAA378 /* PPSTests */,
				4C4DC1FF1D33E70700CAA378 /* PPSUITests */,
			);
		};
/* End PBXProject section */

/* Begin PBXResourcesBuildPhase section */
		4C4DC1DF1D33E70600CAA378 /* Resources */ = {
			isa = PBXResourcesBuildPhase;
			buildActionMask = 2147483647;
			files = (
				4C4DC1EF1D33E70600CAA378 /* LaunchScreen.storyboard in Resources */,
				4C4DC1EC1D33E70600CAA378 /* Assets.xcassets in Resources */,
				4C4DC1EA1D33E70600CAA378 /* Main.storyboard in Resources */,
			);
			runOnlyForDeploymentPostprocessing = 0;
		};
		4C4DC1F31D33E70700CAA378 /* Resources */ = {
			isa = PBXResourcesBuildPhase;
			buildActionMask = 2147483647;
			files = (
			);
			runOnlyForDeploymentPostprocessing = 0;
		};
		4C4DC1FE1D33E70700CAA378 /* Resources */ = {
			isa = PBXResourcesBuildPhase;
			buildActionMask = 2147483647;
			files = (
			);
			runOnlyForDeploymentPostprocessing = 0;
		};
/* End PBXResourcesBuildPhase section */

/* Begin PBXSourcesBuildPhase section */
		4C4DC1DD1D33E70600CAA378 /* Sources */ = {
			isa = PBXSourcesBuildPhase;
			buildActionMask = 2147483647;
			files = (
				4C4DC1E71D33E70600CAA378 /* ViewController.swift in Sources */,
				4C4DC1E51D33E70600CAA378 /* AppDelegate.swift in Sources */,
			);
			runOnlyForDeploymentPostprocessing = 0;
		};
		4C4DC1F11D33E70700CAA378 /* Sources */ = {
			isa = PBXSourcesBuildPhase;
			buildActionMask = 2147483647;
			files = (
				4C4DC1FA1D33E70700CAA378 /* PPSTests.swift in Sources */,
			);
			runOnlyForDeploymentPostprocessing = 0;
		};
		4C4DC1FC1D33E70700CAA378 /* Sources */ = {
			isa = PBXSourcesBuildPhase;
			buildActionMask = 2147483647;
			files = (
				4C4DC2051D33E70700CAA378 /* PPSUITests.swift in Sources */,
			);
			runOnlyForDeploymentPostprocessing = 0;
		};
/* End PBXSourcesBuildPhase section */

/* Begin PBXTargetDependency section */
		4C4DC1F71D33E70700CAA378 /* PBXTargetDependency */ = {
			isa = PBXTargetDependency;
			target = 4C4DC1E01D33E70600CAA378 /* PPS */;
			targetProxy = 4C4DC1F61D33E70700CAA378 /* PBXContainerItemProxy */;
		};
		4C4DC2021D33E70700CAA378 /* PBXTargetDependency */ = {
			isa = PBXTargetDependency;
			target = 4C4DC1E01D33E70600CAA378 /* PPS */;
			targetProxy = 4C4DC2011D33E70700CAA378 /* PBXContainerItemProxy */;
		};
/* End PBXTargetDependency section */

/* Begin PBXVariantGroup section */
		4C4DC1E81D33E70600CAA378 /* Main.storyboard */ = {
			isa = PBXVariantGroup;
			children = (
				4C4DC1E91D33E70600CAA378 /* Base */,
			);
			name = Main.storyboard;
			sourceTree = "<group>";
		};
		4C4DC1ED1D33E70600CAA378 /* LaunchScreen.storyboard */ = {
			isa = PBXVariantGroup;
			children = (
				4C4DC1EE1D33E70600CAA378 /* Base */,
			);
			name = LaunchScreen.storyboard;
			sourceTree = "<group>";
		};
/* End PBXVariantGroup section */

/* Begin XCBuildConfiguration section */
		4C4DC2071D33E70700CAA378 /* Debug */ = {
			isa = XCBuildConfiguration;
			buildSettings = {
				ALWAYS_SEARCH_USER_PATHS = NO;
				CLANG_CXX_LANGUAGE_STANDARD = "gnu++0x";
				CLANG_CXX_LIBRARY = "libc++";
				CLANG_ENABLE_MODULES = YES;
				CLANG_ENABLE_OBJC_ARC = YES;
				CLANG_WARN_BOOL_CONVERSION = YES;
				CLANG_WARN_CONSTANT_CONVERSION = YES;
				CLANG_WARN_DIRECT_OBJC_ISA_USAGE = YES_ERROR;
				CLANG_WARN_EMPTY_BODY = YES;
				CLANG_WARN_ENUM_CONVERSION = YES;
				CLANG_WARN_INT_CONVERSION = YES;
				CLANG_WARN_OBJC_ROOT_CLASS = YES_ERROR;
				CLANG_WARN_UNREACHABLE_CODE = YES;
				CLANG_WARN__DUPLICATE_METHOD_MATCH = YES;
				"CODE_SIGN_IDENTITY[sdk=iphoneos*]" = "iPhone Developer";
				COPY_PHASE_STRIP = NO;
				DEBUG_INFORMATION_FORMAT = dwarf;
				ENABLE_STRICT_OBJC_MSGSEND = YES;
				ENABLE_TESTABILITY = YES;
				GCC_C_LANGUAGE_STANDARD = gnu99;
				GCC_DYNAMIC_NO_PIC = NO;
				GCC_NO_COMMON_BLOCKS = YES;
				GCC_OPTIMIZATION_LEVEL = 0;
				GCC_PREPROCESSOR_DEFINITIONS = (
					"DEBUG=1",
					"$(inherited)",
				);
				GCC_WARN_64_TO_32_BIT_CONVERSION = YES;
				GCC_WARN_ABOUT_RETURN_TYPE = YES_ERROR;
				GCC_WARN_UNDECLARED_SELECTOR = YES;
				GCC_WARN_UNINITIALIZED_AUTOS = YES_AGGRESSIVE;
				GCC_WARN_UNUSED_FUNCTION = YES;
				GCC_WARN_UNUSED_VARIABLE = YES;
				IPHONEOS_DEPLOYMENT_TARGET = 9.2;
				MTL_ENABLE_DEBUG_INFO = YES;
				ONLY_ACTIVE_ARCH = YES;
				SDKROOT = iphoneos;
				SWIFT_OPTIMIZATION_LEVEL = "-Onone";
				TARGETED_DEVICE_FAMILY = "1,2";
			};
			name = Debug;
		};
		4C4DC2081D33E70700CAA378 /* Release */ = {
			isa = XCBuildConfiguration;
			buildSettings = {
				ALWAYS_SEARCH_USER_PATHS = NO;
				CLANG_CXX_LANGUAGE_STANDARD = "gnu++0x";
				CLANG_CXX_LIBRARY = "libc++";
				CLANG_ENABLE_MODULES = YES;
				CLANG_ENABLE_OBJC_ARC = YES;
				CLANG_WARN_BOOL_CONVERSION = YES;
				CLANG_WARN_CONSTANT_CONVERSION = YES;
				CLANG_WARN_DIRECT_OBJC_ISA_USAGE = YES_ERROR;
				CLANG_WARN_EMPTY_BODY = YES;
				CLANG_WARN_ENUM_CONVERSION = YES;
				CLANG_WARN_INT_CONVERSION = YES;
				CLANG_WARN_OBJC_ROOT_CLASS = YES_ERROR;
				CLANG_WARN_UNREACHABLE_CODE = YES;
				CLANG_WARN__DUPLICATE_METHOD_MATCH = YES;
				"CODE_SIGN_IDENTITY[sdk=iphoneos*]" = "iPhone Developer";
				COPY_PHASE_STRIP = NO;
				DEBUG_INFORMATION_FORMAT = "dwarf-with-dsym";
				ENABLE_NS_ASSERTIONS = NO;
				ENABLE_STRICT_OBJC_MSGSEND = YES;
				GCC_C_LANGUAGE_STANDARD = gnu99;
				GCC_NO_COMMON_BLOCKS = YES;
				GCC_WARN_64_TO_32_BIT_CONVERSION = YES;
				GCC_WARN_ABOUT_RETURN_TYPE = YES_ERROR;
				GCC_WARN_UNDECLARED_SELECTOR = YES;
				GCC_WARN_UNINITIALIZED_AUTOS = YES_AGGRESSIVE;
				GCC_WARN_UNUSED_FUNCTION = YES;
				GCC_WARN_UNUSED_VARIABLE = YES;
				IPHONEOS_DEPLOYMENT_TARGET = 9.2;
				MTL_ENABLE_DEBUG_INFO = NO;
				SDKROOT = iphoneos;
				TARGETED_DEVICE_FAMILY = "1,2";
				VALIDATE_PRODUCT = YES;
			};
			name = Release;
		};
		4C4DC20A1D33E70700CAA378 /* Debug */ = {
			isa = XCBuildConfiguration;
			buildSettings = {
				ASSETCATALOG_COMPILER_APPICON_NAME = AppIcon;
				INFOPLIST_FILE = PPS/Info.plist;
				LD_RUNPATH_SEARCH_PATHS = "$(inherited) @executable_path/Frameworks";
				PRODUCT_BUNDLE_IDENTIFIER = com.developmentnow.PPS;
				PRODUCT_NAME = "$(TARGET_NAME)";
				TARGETED_DEVICE_FAMILY = 2;
			};
			name = Debug;
		};
		4C4DC20B1D33E70700CAA378 /* Release */ = {
			isa = XCBuildConfiguration;
			buildSettings = {
				ASSETCATALOG_COMPILER_APPICON_NAME = AppIcon;
				INFOPLIST_FILE = PPS/Info.plist;
				LD_RUNPATH_SEARCH_PATHS = "$(inherited) @executable_path/Frameworks";
				PRODUCT_BUNDLE_IDENTIFIER = com.developmentnow.PPS;
				PRODUCT_NAME = "$(TARGET_NAME)";
				TARGETED_DEVICE_FAMILY = 2;
			};
			name = Release;
		};
		4C4DC20D1D33E70700CAA378 /* Debug */ = {
			isa = XCBuildConfiguration;
			buildSettings = {
				BUNDLE_LOADER = "$(TEST_HOST)";
				INFOPLIST_FILE = PPSTests/Info.plist;
				LD_RUNPATH_SEARCH_PATHS = "$(inherited) @executable_path/Frameworks @loader_path/Frameworks";
				PRODUCT_BUNDLE_IDENTIFIER = com.developmentnow.PPSTests;
				PRODUCT_NAME = "$(TARGET_NAME)";
				TEST_HOST = "$(BUILT_PRODUCTS_DIR)/PPS.app/PPS";
			};
			name = Debug;
		};
		4C4DC20E1D33E70700CAA378 /* Release */ = {
			isa = XCBuildConfiguration;
			buildSettings = {
				BUNDLE_LOADER = "$(TEST_HOST)";
				INFOPLIST_FILE = PPSTests/Info.plist;
				LD_RUNPATH_SEARCH_PATHS = "$(inherited) @executable_path/Frameworks @loader_path/Frameworks";
				PRODUCT_BUNDLE_IDENTIFIER = com.developmentnow.PPSTests;
				PRODUCT_NAME = "$(TARGET_NAME)";
				TEST_HOST = "$(BUILT_PRODUCTS_DIR)/PPS.app/PPS";
			};
			name = Release;
		};
		4C4DC2101D33E70700CAA378 /* Debug */ = {
			isa = XCBuildConfiguration;
			buildSettings = {
				INFOPLIST_FILE = PPSUITests/Info.plist;
				LD_RUNPATH_SEARCH_PATHS = "$(inherited) @executable_path/Frameworks @loader_path/Frameworks";
				PRODUCT_BUNDLE_IDENTIFIER = com.developmentnow.PPSUITests;
				PRODUCT_NAME = "$(TARGET_NAME)";
				TEST_TARGET_NAME = PPS;
				USES_XCTRUNNER = YES;
			};
			name = Debug;
		};
		4C4DC2111D33E70700CAA378 /* Release */ = {
			isa = XCBuildConfiguration;
			buildSettings = {
				INFOPLIST_FILE = PPSUITests/Info.plist;
				LD_RUNPATH_SEARCH_PATHS = "$(inherited) @executable_path/Frameworks @loader_path/Frameworks";
				PRODUCT_BUNDLE_IDENTIFIER = com.developmentnow.PPSUITests;
				PRODUCT_NAME = "$(TARGET_NAME)";
				TEST_TARGET_NAME = PPS;
				USES_XCTRUNNER = YES;
			};
			name = Release;
		};
/* End XCBuildConfiguration section */

/* Begin XCConfigurationList section */
		4C4DC1DC1D33E70600CAA378 /* Build configuration list for PBXProject "PPS" */ = {
			isa = XCConfigurationList;
			buildConfigurations = (
				4C4DC2071D33E70700CAA378 /* Debug */,
				4C4DC2081D33E70700CAA378 /* Release */,
			);
			defaultConfigurationIsVisible = 0;
			defaultConfigurationName = Release;
		};
		4C4DC2091D33E70700CAA378 /* Build configuration list for PBXNativeTarget "PPS" */ = {
			isa = XCConfigurationList;
			buildConfigurations = (
				4C4DC20A1D33E70700CAA378 /* Debug */,
				4C4DC20B1D33E70700CAA378 /* Release */,
			);
			defaultConfigurationIsVisible = 0;
			defaultConfigurationName = Release;
		};
		4C4DC20C1D33E70700CAA378 /* Build configuration list for PBXNativeTarget "PPSTests" */ = {
			isa = XCConfigurationList;
			buildConfigurations = (
				4C4DC20D1D33E70700CAA378 /* Debug */,
				4C4DC20E1D33E70700CAA378 /* Release */,
			);
			defaultConfigurationIsVisible = 0;
			defaultConfigurationName = Release;
		};
		4C4DC20F1D33E70700CAA378 /* Build configuration list for PBXNativeTarget "PPSUITests" */ = {
			isa = XCConfigurationList;
			buildConfigurations = (
				4C4DC2101D33E70700CAA378 /* Debug */,
				4C4DC2111D33E70700CAA378 /* Release */,
			);
			defaultConfigurationIsVisible = 0;
			defaultConfigurationName = Release;
		};
/* End XCConfigurationList section */
	};
	rootObject = 4C4DC1D91D33E70600CAA378 /* Project object */;
}
